
Microsoft Visual Studio Solution File, Format Version 12.00
# Visual Studio Version 16
VisualStudioVersion = 16.0.31019.35
MinimumVisualStudioVersion = 10.0.40219.1
Project("{9A19103F-16F7-4668-BE54-9A1E7A4F7556}") = "Login and Registration system", "Login and Registration system.csproj", "{99324C82-C312-4ED3-BA18-8CDABF9F9C7A}"
EndProject
Global
	GlobalSection(SolutionConfigurationPlatforms) = preSolution
		Debug|Any CPU = Debug|Any CPU
		Release|Any CPU = Release|Any CPU
	EndGlobalSection
	GlobalSection(ProjectConfigurationPlatforms) = postSolution
		{99324C82-C312-4ED3-BA18-8CDABF9F9C7A}.Debug|Any CPU.ActiveCfg = Debug|Any CPU
		{99324C82-C312-4ED3-BA18-8CDABF9F9C7A}.Debug|Any CPU.Build.0 = Debug|Any CPU
		{99324C82-C312-4ED3-BA18-8CDABF9F9C7A}.Release|Any CPU.ActiveCfg = Release|Any CPU
		{99324C82-C312-4ED3-BA18-8CDABF9F9C7A}.Release|Any CPU.Build.0 = Release|Any CPU
	EndGlobalSection
	GlobalSection(SolutionProperties) = preSolution
		HideSolutionNode = FALSE
	EndGlobalSection
	GlobalSection(ExtensibilityGlobals) = postSolution
		SolutionGuid = {D845A16D-495B-4F25-9C6C-DADFF2722743}
	EndGlobalSection
EndGlobal
